
Microsoft Visual Studio Solution File, Format Version 12.00
# Visual Studio Version 17
VisualStudioVersion = 17.2.32519.379
MinimumVisualStudioVersion = 10.0.40219.1
Project("{FAE04EC0-301F-11D3-BF4B-00C04F79EFBC}") = "Calendar-Converter", "Calendar-Converter\Calendar-Converter.csproj", "{A75B4D17-14EC-4825-8367-6EC76EDF130E}"
EndProject
Global
	GlobalSection(SolutionConfigurationPlatforms) = preSolution
		Debug|Any CPU = Debug|Any CPU
		Release|Any CPU = Release|Any CPU
	EndGlobalSection
	GlobalSection(ProjectConfigurationPlatforms) = postSolution
		{A75B4D17-14EC-4825-8367-6EC76EDF130E}.Debug|Any CPU.ActiveCfg = Debug|Any CPU
		{A75B4D17-14EC-4825-8367-6EC76EDF130E}.Debug|Any CPU.Build.0 = Debug|Any CPU
		{A75B4D17-14EC-4825-8367-6EC76EDF130E}.Release|Any CPU.ActiveCfg = Release|Any CPU
		{A75B4D17-14EC-4825-8367-6EC76EDF130E}.Release|Any CPU.Build.0 = Release|Any CPU
	EndGlobalSection
	GlobalSection(SolutionProperties) = preSolution
		HideSolutionNode = FALSE
	EndGlobalSection
	GlobalSection(ExtensibilityGlobals) = postSolution
		SolutionGuid = {4FFBB196-8E19-43CC-B892-99AE199C1622}
	EndGlobalSection
EndGlobal
